
Microsoft Visual Studio Solution File, Format Version 12.00
# Visual Studio Version 17
VisualStudioVersion = 17.2.32526.322
MinimumVisualStudioVersion = 10.0.40219.1
Project("{9A19103F-16F7-4668-BE54-9A1E7A4F7556}") = "okhunjonov_shoyatbek_todolist", "okhunjonov_shoyatbek_todolist\okhunjonov_shoyatbek_todolist.csproj", "{9B6E41E1-F19A-4C19-A50A-A1EAC831ABED}"
EndProject
Global
	GlobalSection(SolutionConfigurationPlatforms) = preSolution
		Debug|Any CPU = Debug|Any CPU
		Release|Any CPU = Release|Any CPU
	EndGlobalSection
	GlobalSection(ProjectConfigurationPlatforms) = postSolution
		{9B6E41E1-F19A-4C19-A50A-A1EAC831ABED}.Debug|Any CPU.ActiveCfg = Debug|Any CPU
		{9B6E41E1-F19A-4C19-A50A-A1EAC831ABED}.Debug|Any CPU.Build.0 = Debug|Any CPU
		{9B6E41E1-F19A-4C19-A50A-A1EAC831ABED}.Release|Any CPU.ActiveCfg = Release|Any CPU
		{9B6E41E1-F19A-4C19-A50A-A1EAC831ABED}.Release|Any CPU.Build.0 = Release|Any CPU
	EndGlobalSection
	GlobalSection(SolutionProperties) = preSolution
		HideSolutionNode = FALSE
	EndGlobalSection
	GlobalSection(ExtensibilityGlobals) = postSolution
		SolutionGuid = {091D19AB-1B52-4131-879E-E4CEC1D7A3AE}
	EndGlobalSection
EndGlobal
